// !$*UTF8*$!
{
	archiveVersion = 1;
	classes = {
	};
	objectVersion = 50;
	objects = {

/* Begin PBXBuildFile section */
		24E787992714CB93000879B1 /* SimonSaysViewController.swift in Sources */ = {isa = PBXBuildFile; fileRef = 24E787982714CB93000879B1 /* SimonSaysViewController.swift */; };
		24E787A22715016E000879B1 /* green.mp3 in Resources */ = {isa = PBXBuildFile; fileRef = 24E7879E2715016D000879B1 /* green.mp3 */; };
		24E787A32715016E000879B1 /* pink.mp3 in Resources */ = {isa = PBXBuildFile; fileRef = 24E7879F2715016D000879B1 /* pink.mp3 */; };
		24E787A42715016E000879B1 /* purple.mp3 in Resources */ = {isa = PBXBuildFile; fileRef = 24E787A02715016D000879B1 /* purple.mp3 */; };
		24E787A52715016E000879B1 /* blue.mp3 in Resources */ = {isa = PBXBuildFile; fileRef = 24E787A12715016E000879B1 /* blue.mp3 */; };
		8A847B9B26EBF566005D7A2E /* ReadingViewController.swift in Sources */ = {isa = PBXBuildFile; fileRef = 8A847B9A26EBF566005D7A2E /* ReadingViewController.swift */; };
		8A847B9D26EBF5A5005D7A2E /* ReadingGame.swift in Sources */ = {isa = PBXBuildFile; fileRef = 8A847B9C26EBF5A5005D7A2E /* ReadingGame.swift */; };
		9D21994626D695C600B38018 /* AppDelegate.swift in Sources */ = {isa = PBXBuildFile; fileRef = 9D21994526D695C600B38018 /* AppDelegate.swift */; };
		9D21994826D695C600B38018 /* SceneDelegate.swift in Sources */ = {isa = PBXBuildFile; fileRef = 9D21994726D695C600B38018 /* SceneDelegate.swift */; };
		9D21994A26D695C600B38018 /* ViewController.swift in Sources */ = {isa = PBXBuildFile; fileRef = 9D21994926D695C600B38018 /* ViewController.swift */; };
		9D21994D26D695C600B38018 /* Main.storyboard in Resources */ = {isa = PBXBuildFile; fileRef = 9D21994B26D695C600B38018 /* Main.storyboard */; };
		9D21994F26D695C700B38018 /* Assets.xcassets in Resources */ = {isa = PBXBuildFile; fileRef = 9D21994E26D695C700B38018 /* Assets.xcassets */; };
		9D21995226D695C700B38018 /* LaunchScreen.storyboard in Resources */ = {isa = PBXBuildFile; fileRef = 9D21995026D695C700B38018 /* LaunchScreen.storyboard */; };
		9D624CBE26EAC4B300845C40 /* inter in Resources */ = {isa = PBXBuildFile; fileRef = 9D624CBD26EAC4B300845C40 /* inter */; };
		9D624CC026EAC61100845C40 /* montserrat in Resources */ = {isa = PBXBuildFile; fileRef = 9D624CBF26EAC61100845C40 /* montserrat */; };
		9D624CC426EAC82700845C40 /* Pacifico-Regular.ttf in Resources */ = {isa = PBXBuildFile; fileRef = 9D624CC326EAC82700845C40 /* Pacifico-Regular.ttf */; };
		9DA1258726E81AD400097DC5 /* CrazyNumbersViewController.swift in Sources */ = {isa = PBXBuildFile; fileRef = 9DA1258626E81AD400097DC5 /* CrazyNumbersViewController.swift */; };
		9DA1258926E81B1F00097DC5 /* CrazyNumbersGame.swift in Sources */ = {isa = PBXBuildFile; fileRef = 9DA1258826E81B1F00097DC5 /* CrazyNumbersGame.swift */; };
/* End PBXBuildFile section */

/* Begin PBXFileReference section */
		24E787982714CB93000879B1 /* SimonSaysViewController.swift */ = {isa = PBXFileReference; lastKnownFileType = sourcecode.swift; path = SimonSaysViewController.swift; sourceTree = "<group>"; };
		24E7879E2715016D000879B1 /* green.mp3 */ = {isa = PBXFileReference; lastKnownFileType = audio.mp3; path = green.mp3; sourceTree = "<group>"; };
		24E7879F2715016D000879B1 /* pink.mp3 */ = {isa = PBXFileReference; lastKnownFileType = audio.mp3; path = pink.mp3; sourceTree = "<group>"; };
		24E787A02715016D000879B1 /* purple.mp3 */ = {isa = PBXFileReference; lastKnownFileType = audio.mp3; path = purple.mp3; sourceTree = "<group>"; };
		24E787A12715016E000879B1 /* blue.mp3 */ = {isa = PBXFileReference; lastKnownFileType = audio.mp3; path = blue.mp3; sourceTree = "<group>"; };
		8A847B9A26EBF566005D7A2E /* ReadingViewController.swift */ = {isa = PBXFileReference; lastKnownFileType = sourcecode.swift; path = ReadingViewController.swift; sourceTree = "<group>"; };
		8A847B9C26EBF5A5005D7A2E /* ReadingGame.swift */ = {isa = PBXFileReference; lastKnownFileType = sourcecode.swift; path = ReadingGame.swift; sourceTree = "<group>"; };
		9D21994226D695C600B38018 /* Focus.app */ = {isa = PBXFileReference; explicitFileType = wrapper.application; includeInIndex = 0; path = Focus.app; sourceTree = BUILT_PRODUCTS_DIR; };
		9D21994526D695C600B38018 /* AppDelegate.swift */ = {isa = PBXFileReference; lastKnownFileType = sourcecode.swift; path = AppDelegate.swift; sourceTree = "<group>"; };
		9D21994726D695C600B38018 /* SceneDelegate.swift */ = {isa = PBXFileReference; lastKnownFileType = sourcecode.swift; path = SceneDelegate.swift; sourceTree = "<group>"; };
		9D21994926D695C600B38018 /* ViewController.swift */ = {isa = PBXFileReference; lastKnownFileType = sourcecode.swift; path = ViewController.swift; sourceTree = "<group>"; };
		9D21994C26D695C600B38018 /* Base */ = {isa = PBXFileReference; lastKnownFileType = file.storyboard; name = Base; path = Base.lproj/Main.storyboard; sourceTree = "<group>"; };
		9D21994E26D695C700B38018 /* Assets.xcassets */ = {isa = PBXFileReference; lastKnownFileType = folder.assetcatalog; path = Assets.xcassets; sourceTree = "<group>"; };
		9D21995126D695C700B38018 /* Base */ = {isa = PBXFileReference; lastKnownFileType = file.storyboard; name = Base; path = Base.lproj/LaunchScreen.storyboard; sourceTree = "<group>"; };
		9D21995326D695C700B38018 /* Info.plist */ = {isa = PBXFileReference; lastKnownFileType = text.plist.xml; path = Info.plist; sourceTree = "<group>"; };
		9D624CBD26EAC4B300845C40 /* inter */ = {isa = PBXFileReference; lastKnownFileType = folder; path = inter; sourceTree = "<group>"; };
		9D624CBF26EAC61100845C40 /* montserrat */ = {isa = PBXFileReference; lastKnownFileType = folder; path = montserrat; sourceTree = "<group>"; };
		9D624CC326EAC82700845C40 /* Pacifico-Regular.ttf */ = {isa = PBXFileReference; lastKnownFileType = file; path = "Pacifico-Regular.ttf"; sourceTree = "<group>"; };
		9DA1258626E81AD400097DC5 /* CrazyNumbersViewController.swift */ = {isa = PBXFileReference; lastKnownFileType = sourcecode.swift; path = CrazyNumbersViewController.swift; sourceTree = "<group>"; };
		9DA1258826E81B1F00097DC5 /* CrazyNumbersGame.swift */ = {isa = PBXFileReference; lastKnownFileType = sourcecode.swift; path = CrazyNumbersGame.swift; sourceTree = "<group>"; };
/* End PBXFileReference section */

/* Begin PBXFrameworksBuildPhase section */
		9D21993F26D695C600B38018 /* Frameworks */ = {
			isa = PBXFrameworksBuildPhase;
			buildActionMask = 2147483647;
			files = (
			);
			runOnlyForDeploymentPostprocessing = 0;
		};
/* End PBXFrameworksBuildPhase section */

/* Begin PBXGroup section */
		24E7879D2715013A000879B1 /* soundsSimonSays */ = {
			isa = PBXGroup;
			children = (
				24E787A12715016E000879B1 /* blue.mp3 */,
				24E7879E2715016D000879B1 /* green.mp3 */,
				24E7879F2715016D000879B1 /* pink.mp3 */,
				24E787A02715016D000879B1 /* purple.mp3 */,
			);
			path = soundsSimonSays;
			sourceTree = "<group>";
		};
		9D21993926D695C600B38018 = {
			isa = PBXGroup;
			children = (
				9D21994426D695C600B38018 /* Focus */,
				9D21994326D695C600B38018 /* Products */,
			);
			sourceTree = "<group>";
		};
		9D21994326D695C600B38018 /* Products */ = {
			isa = PBXGroup;
			children = (
				9D21994226D695C600B38018 /* Focus.app */,
			);
			name = Products;
			sourceTree = "<group>";
		};
		9D21994426D695C600B38018 /* Focus */ = {
			isa = PBXGroup;
			children = (
				24E7879D2715013A000879B1 /* soundsSimonSays */,
				9D624CBA26EAC39700845C40 /* fonts */,
				9D21994526D695C600B38018 /* AppDelegate.swift */,
				9D21994726D695C600B38018 /* SceneDelegate.swift */,
				9D21994926D695C600B38018 /* ViewController.swift */,
				9D21994B26D695C600B38018 /* Main.storyboard */,
				8A847B9A26EBF566005D7A2E /* ReadingViewController.swift */,
				8A847B9C26EBF5A5005D7A2E /* ReadingGame.swift */,
				9D21994E26D695C700B38018 /* Assets.xcassets */,
				9D21995026D695C700B38018 /* LaunchScreen.storyboard */,
				9D21995326D695C700B38018 /* Info.plist */,
				9DA1258626E81AD400097DC5 /* CrazyNumbersViewController.swift */,
				9DA1258826E81B1F00097DC5 /* CrazyNumbersGame.swift */,
				24E787982714CB93000879B1 /* SimonSaysViewController.swift */,
			);
			path = Focus;
			sourceTree = "<group>";
		};
		9D624CBA26EAC39700845C40 /* fonts */ = {
			isa = PBXGroup;
			children = (
				9D624CC326EAC82700845C40 /* Pacifico-Regular.ttf */,
				9D624CBF26EAC61100845C40 /* montserrat */,
				9D624CBD26EAC4B300845C40 /* inter */,
			);
			path = fonts;
			sourceTree = "<group>";
		};
/* End PBXGroup section */

/* Begin PBXNativeTarget section */
		9D21994126D695C600B38018 /* Focus */ = {
			isa = PBXNativeTarget;
			buildConfigurationList = 9D21995626D695C700B38018 /* Build configuration list for PBXNativeTarget "Focus" */;
			buildPhases = (
				9D21993E26D695C600B38018 /* Sources */,
				9D21993F26D695C600B38018 /* Frameworks */,
				9D21994026D695C600B38018 /* Resources */,
			);
			buildRules = (
			);
			dependencies = (
			);
			name = Focus;
			productName = Focus;
			productReference = 9D21994226D695C600B38018 /* Focus.app */;
			productType = "com.apple.product-type.application";
		};
/* End PBXNativeTarget section */

/* Begin PBXProject section */
		9D21993A26D695C600B38018 /* Project object */ = {
			isa = PBXProject;
			attributes = {
				LastSwiftUpdateCheck = 1250;
				LastUpgradeCheck = 1250;
				TargetAttributes = {
					9D21994126D695C600B38018 = {
						CreatedOnToolsVersion = 12.5.1;
					};
				};
			};
			buildConfigurationList = 9D21993D26D695C600B38018 /* Build configuration list for PBXProject "Focus" */;
			compatibilityVersion = "Xcode 9.3";
			developmentRegion = en;
			hasScannedForEncodings = 0;
			knownRegions = (
				en,
				Base,
			);
			mainGroup = 9D21993926D695C600B38018;
			productRefGroup = 9D21994326D695C600B38018 /* Products */;
			projectDirPath = "";
			projectRoot = "";
			targets = (
				9D21994126D695C600B38018 /* Focus */,
			);
		};
/* End PBXProject section */

/* Begin PBXResourcesBuildPhase section */
		9D21994026D695C600B38018 /* Resources */ = {
			isa = PBXResourcesBuildPhase;
			buildActionMask = 2147483647;
			files = (
				24E787A32715016E000879B1 /* pink.mp3 in Resources */,
				9D21995226D695C700B38018 /* LaunchScreen.storyboard in Resources */,
				9D21994F26D695C700B38018 /* Assets.xcassets in Resources */,
				9D624CC026EAC61100845C40 /* montserrat in Resources */,
				9D624CC426EAC82700845C40 /* Pacifico-Regular.ttf in Resources */,
				24E787A42715016E000879B1 /* purple.mp3 in Resources */,
				24E787A52715016E000879B1 /* blue.mp3 in Resources */,
				24E787A22715016E000879B1 /* green.mp3 in Resources */,
				9D21994D26D695C600B38018 /* Main.storyboard in Resources */,
				9D624CBE26EAC4B300845C40 /* inter in Resources */,
			);
			runOnlyForDeploymentPostprocessing = 0;
		};
/* End PBXResourcesBuildPhase section */

/* Begin PBXSourcesBuildPhase section */
		9D21993E26D695C600B38018 /* Sources */ = {
			isa = PBXSourcesBuildPhase;
			buildActionMask = 2147483647;
			files = (
				24E787992714CB93000879B1 /* SimonSaysViewController.swift in Sources */,
				9D21994A26D695C600B38018 /* ViewController.swift in Sources */,
				9DA1258926E81B1F00097DC5 /* CrazyNumbersGame.swift in Sources */,
				8A847B9D26EBF5A5005D7A2E /* ReadingGame.swift in Sources */,
				9D21994626D695C600B38018 /* AppDelegate.swift in Sources */,
				9DA1258726E81AD400097DC5 /* CrazyNumbersViewController.swift in Sources */,
				9D21994826D695C600B38018 /* SceneDelegate.swift in Sources */,
				8A847B9B26EBF566005D7A2E /* ReadingViewController.swift in Sources */,
			);
			runOnlyForDeploymentPostprocessing = 0;
		};
/* End PBXSourcesBuildPhase section */

/* Begin PBXVariantGroup section */
		9D21994B26D695C600B38018 /* Main.storyboard */ = {
			isa = PBXVariantGroup;
			children = (
				9D21994C26D695C600B38018 /* Base */,
			);
			name = Main.storyboard;
			sourceTree = "<group>";
		};
		9D21995026D695C700B38018 /* LaunchScreen.storyboard */ = {
			isa = PBXVariantGroup;
			children = (
				9D21995126D695C700B38018 /* Base */,
			);
			name = LaunchScreen.storyboard;
			sourceTree = "<group>";
		};
/* End PBXVariantGroup section */

/* Begin XCBuildConfiguration section */
		9D21995426D695C700B38018 /* Debug */ = {
			isa = XCBuildConfiguration;
			buildSettings = {
				ALWAYS_SEARCH_USER_PATHS = NO;
				CLANG_ANALYZER_NONNULL = YES;
				CLANG_ANALYZER_NUMBER_OBJECT_CONVERSION = YES_AGGRESSIVE;
				CLANG_CXX_LANGUAGE_STANDARD = "gnu++14";
				CLANG_CXX_LIBRARY = "libc++";
				CLANG_ENABLE_MODULES = YES;
				CLANG_ENABLE_OBJC_ARC = YES;
				CLANG_ENABLE_OBJC_WEAK = YES;
				CLANG_WARN_BLOCK_CAPTURE_AUTORELEASING = YES;
				CLANG_WARN_BOOL_CONVERSION = YES;
				CLANG_WARN_COMMA = YES;
				CLANG_WARN_CONSTANT_CONVERSION = YES;
				CLANG_WARN_DEPRECATED_OBJC_IMPLEMENTATIONS = YES;
				CLANG_WARN_DIRECT_OBJC_ISA_USAGE = YES_ERROR;
				CLANG_WARN_DOCUMENTATION_COMMENTS = YES;
				CLANG_WARN_EMPTY_BODY = YES;
				CLANG_WARN_ENUM_CONVERSION = YES;
				CLANG_WARN_INFINITE_RECURSION = YES;
				CLANG_WARN_INT_CONVERSION = YES;
				CLANG_WARN_NON_LITERAL_NULL_CONVERSION = YES;
				CLANG_WARN_OBJC_IMPLICIT_RETAIN_SELF = YES;
				CLANG_WARN_OBJC_LITERAL_CONVERSION = YES;
				CLANG_WARN_OBJC_ROOT_CLASS = YES_ERROR;
				CLANG_WARN_QUOTED_INCLUDE_IN_FRAMEWORK_HEADER = YES;
				CLANG_WARN_RANGE_LOOP_ANALYSIS = YES;
				CLANG_WARN_STRICT_PROTOTYPES = YES;
				CLANG_WARN_SUSPICIOUS_MOVE = YES;
				CLANG_WARN_UNGUARDED_AVAILABILITY = YES_AGGRESSIVE;
				CLANG_WARN_UNREACHABLE_CODE = YES;
				CLANG_WARN__DUPLICATE_METHOD_MATCH = YES;
				COPY_PHASE_STRIP = NO;
				DEBUG_INFORMATION_FORMAT = dwarf;
				ENABLE_STRICT_OBJC_MSGSEND = YES;
				ENABLE_TESTABILITY = YES;
				GCC_C_LANGUAGE_STANDARD = gnu11;
				GCC_DYNAMIC_NO_PIC = NO;
				GCC_NO_COMMON_BLOCKS = YES;
				GCC_OPTIMIZATION_LEVEL = 0;
				GCC_PREPROCESSOR_DEFINITIONS = (
					"DEBUG=1",
					"$(inherited)",
				);
				GCC_WARN_64_TO_32_BIT_CONVERSION = YES;
				GCC_WARN_ABOUT_RETURN_TYPE = YES_ERROR;
				GCC_WARN_UNDECLARED_SELECTOR = YES;
				GCC_WARN_UNINITIALIZED_AUTOS = YES_AGGRESSIVE;
				GCC_WARN_UNUSED_FUNCTION = YES;
				GCC_WARN_UNUSED_VARIABLE = YES;
				IPHONEOS_DEPLOYMENT_TARGET = 14.5;
				MTL_ENABLE_DEBUG_INFO = INCLUDE_SOURCE;
				MTL_FAST_MATH = YES;
				ONLY_ACTIVE_ARCH = YES;
				SDKROOT = iphoneos;
				SWIFT_ACTIVE_COMPILATION_CONDITIONS = DEBUG;
				SWIFT_OPTIMIZATION_LEVEL = "-Onone";
			};
			name = Debug;
		};
		9D21995526D695C700B38018 /* Release */ = {
			isa = XCBuildConfiguration;
			buildSettings = {
				ALWAYS_SEARCH_USER_PATHS = NO;
				CLANG_ANALYZER_NONNULL = YES;
				CLANG_ANALYZER_NUMBER_OBJECT_CONVERSION = YES_AGGRESSIVE;
				CLANG_CXX_LANGUAGE_STANDARD = "gnu++14";
				CLANG_CXX_LIBRARY = "libc++";
				CLANG_ENABLE_MODULES = YES;
				CLANG_ENABLE_OBJC_ARC = YES;
				CLANG_ENABLE_OBJC_WEAK = YES;
				CLANG_WARN_BLOCK_CAPTURE_AUTORELEASING = YES;
				CLANG_WARN_BOOL_CONVERSION = YES;
				CLANG_WARN_COMMA = YES;
				CLANG_WARN_CONSTANT_CONVERSION = YES;
				CLANG_WARN_DEPRECATED_OBJC_IMPLEMENTATIONS = YES;
				CLANG_WARN_DIRECT_OBJC_ISA_USAGE = YES_ERROR;
				CLANG_WARN_DOCUMENTATION_COMMENTS = YES;
				CLANG_WARN_EMPTY_BODY = YES;
				CLANG_WARN_ENUM_CONVERSION = YES;
				CLANG_WARN_INFINITE_RECURSION = YES;
				CLANG_WARN_INT_CONVERSION = YES;
				CLANG_WARN_NON_LITERAL_NULL_CONVERSION = YES;
				CLANG_WARN_OBJC_IMPLICIT_RETAIN_SELF = YES;
				CLANG_WARN_OBJC_LITERAL_CONVERSION = YES;
				CLANG_WARN_OBJC_ROOT_CLASS = YES_ERROR;
				CLANG_WARN_QUOTED_INCLUDE_IN_FRAMEWORK_HEADER = YES;
				CLANG_WARN_RANGE_LOOP_ANALYSIS = YES;
				CLANG_WARN_STRICT_PROTOTYPES = YES;
				CLANG_WARN_SUSPICIOUS_MOVE = YES;
				CLANG_WARN_UNGUARDED_AVAILABILITY = YES_AGGRESSIVE;
				CLANG_WARN_UNREACHABLE_CODE = YES;
				CLANG_WARN__DUPLICATE_METHOD_MATCH = YES;
				COPY_PHASE_STRIP = NO;
				DEBUG_INFORMATION_FORMAT = "dwarf-with-dsym";
				ENABLE_NS_ASSERTIONS = NO;
				ENABLE_STRICT_OBJC_MSGSEND = YES;
				GCC_C_LANGUAGE_STANDARD = gnu11;
				GCC_NO_COMMON_BLOCKS = YES;
				GCC_WARN_64_TO_32_BIT_CONVERSION = YES;
				GCC_WARN_ABOUT_RETURN_TYPE = YES_ERROR;
				GCC_WARN_UNDECLARED_SELECTOR = YES;
				GCC_WARN_UNINITIALIZED_AUTOS = YES_AGGRESSIVE;
				GCC_WARN_UNUSED_FUNCTION = YES;
				GCC_WARN_UNUSED_VARIABLE = YES;
				IPHONEOS_DEPLOYMENT_TARGET = 14.5;
				MTL_ENABLE_DEBUG_INFO = NO;
				MTL_FAST_MATH = YES;
				SDKROOT = iphoneos;
				SWIFT_COMPILATION_MODE = wholemodule;
				SWIFT_OPTIMIZATION_LEVEL = "-O";
				VALIDATE_PRODUCT = YES;
			};
			name = Release;
		};
		9D21995726D695C700B38018 /* Debug */ = {
			isa = XCBuildConfiguration;
			buildSettings = {
				ASSETCATALOG_COMPILER_APPICON_NAME = AppIcon;
				ASSETCATALOG_COMPILER_GLOBAL_ACCENT_COLOR_NAME = AccentColor;
				CODE_SIGN_STYLE = Automatic;
				INFOPLIST_FILE = Focus/Info.plist;
				IPHONEOS_DEPLOYMENT_TARGET = 13.0;
				LD_RUNPATH_SEARCH_PATHS = (
					"$(inherited)",
					"@executable_path/Frameworks",
				);
				PRODUCT_BUNDLE_IDENTIFIER = mx.itesm.a01730875.Focus;
				PRODUCT_NAME = "$(TARGET_NAME)";
				SWIFT_VERSION = 5.0;
				TARGETED_DEVICE_FAMILY = "1,2";
			};
			name = Debug;
		};
		9D21995826D695C700B38018 /* Release */ = {
			isa = XCBuildConfiguration;
			buildSettings = {
				ASSETCATALOG_COMPILER_APPICON_NAME = AppIcon;
				ASSETCATALOG_COMPILER_GLOBAL_ACCENT_COLOR_NAME = AccentColor;
				CODE_SIGN_STYLE = Automatic;
				INFOPLIST_FILE = Focus/Info.plist;
				IPHONEOS_DEPLOYMENT_TARGET = 13.0;
				LD_RUNPATH_SEARCH_PATHS = (
					"$(inherited)",
					"@executable_path/Frameworks",
				);
				PRODUCT_BUNDLE_IDENTIFIER = mx.itesm.a01730875.Focus;
				PRODUCT_NAME = "$(TARGET_NAME)";
				SWIFT_VERSION = 5.0;
				TARGETED_DEVICE_FAMILY = "1,2";
			};
			name = Release;
		};
/* End XCBuildConfiguration section */

/* Begin XCConfigurationList section */
		9D21993D26D695C600B38018 /* Build configuration list for PBXProject "Focus" */ = {
			isa = XCConfigurationList;
			buildConfigurations = (
				9D21995426D695C700B38018 /* Debug */,
				9D21995526D695C700B38018 /* Release */,
			);
			defaultConfigurationIsVisible = 0;
			defaultConfigurationName = Release;
		};
		9D21995626D695C700B38018 /* Build configuration list for PBXNativeTarget "Focus" */ = {
			isa = XCConfigurationList;
			buildConfigurations = (
				9D21995726D695C700B38018 /* Debug */,
				9D21995826D695C700B38018 /* Release */,
			);
			defaultConfigurationIsVisible = 0;
			defaultConfigurationName = Release;
		};
/* End XCConfigurationList section */
	};
	rootObject = 9D21993A26D695C600B38018 /* Project object */;
}
